// !$*UTF8*$!
{
	archiveVersion = 1;
	classes = {
	};
	objectVersion = 46;
	objects = {

/* Begin PBXBuildFile section */
		703EDE511AABFE6600DEF568 /* ShokenWordStore.swift in Sources */ = {isa = PBXBuildFile; fileRef = 703EDE501AABFE6600DEF568 /* ShokenWordStore.swift */; };
		70577C091B439F77008260D7 /* WordPlotViewController.swift in Sources */ = {isa = PBXBuildFile; fileRef = 70577C081B439F77008260D7 /* WordPlotViewController.swift */; };
		70577C0B1B43A604008260D7 /* GoogleSearchViewController.swift in Sources */ = {isa = PBXBuildFile; fileRef = 70577C0A1B43A604008260D7 /* GoogleSearchViewController.swift */; };
		70577C0D1B43EFF4008260D7 /* EngineeringWordStore.swift in Sources */ = {isa = PBXBuildFile; fileRef = 70577C0C1B43EFF4008260D7 /* EngineeringWordStore.swift */; };
		70577C111B4574C6008260D7 /* InfoPlist.strings in Resources */ = {isa = PBXBuildFile; fileRef = 70577C101B4574C6008260D7 /* InfoPlist.strings */; };
		70577C131B457607008260D7 /* InfoPlist.strings in Resources */ = {isa = PBXBuildFile; fileRef = 70577C101B4574C6008260D7 /* InfoPlist.strings */; };
		707A90E11AB5F6CD00092C72 /* JijiWord.swift in Sources */ = {isa = PBXBuildFile; fileRef = 707A90E01AB5F6CD00092C72 /* JijiWord.swift */; };
		7091BC651B5037F100930842 /* JapaneseComputerBook.swift in Sources */ = {isa = PBXBuildFile; fileRef = 7091BC641B5037F100930842 /* JapaneseComputerBook.swift */; };
		709711FF1B46B8F000D0B6A3 /* Launch Screen.xib in Resources */ = {isa = PBXBuildFile; fileRef = 709711FE1B46B8F000D0B6A3 /* Launch Screen.xib */; };
		709712011B46B93400D0B6A3 /* IdeaGeneratorのアイコン.png in Resources */ = {isa = PBXBuildFile; fileRef = 709712001B46B93400D0B6A3 /* IdeaGeneratorのアイコン.png */; };
		70B9029C1AA6D8AD002D14D9 /* WordPlotScrollView.swift in Sources */ = {isa = PBXBuildFile; fileRef = 70B9029B1AA6D8AD002D14D9 /* WordPlotScrollView.swift */; };
		70BD23111AA1BB9F004B6C43 /* AppDelegate.swift in Sources */ = {isa = PBXBuildFile; fileRef = 70BD23101AA1BB9F004B6C43 /* AppDelegate.swift */; };
		70BD23161AA1BB9F004B6C43 /* Main.storyboard in Resources */ = {isa = PBXBuildFile; fileRef = 70BD23141AA1BB9F004B6C43 /* Main.storyboard */; };
		70BD23181AA1BB9F004B6C43 /* Images.xcassets in Resources */ = {isa = PBXBuildFile; fileRef = 70BD23171AA1BB9F004B6C43 /* Images.xcassets */; };
		70BD23271AA1BB9F004B6C43 /* Hassouseisei_ver_2_0Tests.swift in Sources */ = {isa = PBXBuildFile; fileRef = 70BD23261AA1BB9F004B6C43 /* Hassouseisei_ver_2_0Tests.swift */; };
		70BD23321AA1C9FE004B6C43 /* MedicalWordStore.swift in Sources */ = {isa = PBXBuildFile; fileRef = 70BD23311AA1C9FE004B6C43 /* MedicalWordStore.swift */; };
		70BD23341AA1CA0A004B6C43 /* ModernSocialWord.swift in Sources */ = {isa = PBXBuildFile; fileRef = 70BD23331AA1CA0A004B6C43 /* ModernSocialWord.swift */; };
		70BD23361AA1CA14004B6C43 /* ITWordStore.swift in Sources */ = {isa = PBXBuildFile; fileRef = 70BD23351AA1CA14004B6C43 /* ITWordStore.swift */; };
		70BD23381AA1CA24004B6C43 /* OpticalWordStore.swift in Sources */ = {isa = PBXBuildFile; fileRef = 70BD23371AA1CA24004B6C43 /* OpticalWordStore.swift */; };
		70BD23401AA1CA3A004B6C43 /* BiologicalWordStore.swift in Sources */ = {isa = PBXBuildFile; fileRef = 70BD23391AA1CA3A004B6C43 /* BiologicalWordStore.swift */; };
		70BD23411AA1CA3A004B6C43 /* ChemicalWordStore.swift in Sources */ = {isa = PBXBuildFile; fileRef = 70BD233A1AA1CA3A004B6C43 /* ChemicalWordStore.swift */; };
		70BD23421AA1CA3A004B6C43 /* ElementaryWordStore.swift in Sources */ = {isa = PBXBuildFile; fileRef = 70BD233B1AA1CA3A004B6C43 /* ElementaryWordStore.swift */; };
		70BD23431AA1CA3A004B6C43 /* EthicalWordStoreJp.swift in Sources */ = {isa = PBXBuildFile; fileRef = 70BD233C1AA1CA3A004B6C43 /* EthicalWordStoreJp.swift */; };
		70BD23441AA1CA3A004B6C43 /* GameWordStore.swift in Sources */ = {isa = PBXBuildFile; fileRef = 70BD233D1AA1CA3A004B6C43 /* GameWordStore.swift */; };
		70BD23451AA1CA3A004B6C43 /* PhysicalWordStore.swift in Sources */ = {isa = PBXBuildFile; fileRef = 70BD233E1AA1CA3A004B6C43 /* PhysicalWordStore.swift */; };
		70BD23461AA1CA3A004B6C43 /* WorldHistoryWord.swift in Sources */ = {isa = PBXBuildFile; fileRef = 70BD233F1AA1CA3A004B6C43 /* WorldHistoryWord.swift */; };
		70BD23481AA1CAAB004B6C43 /* WordPoolManagement.swift in Sources */ = {isa = PBXBuildFile; fileRef = 70BD23471AA1CAAB004B6C43 /* WordPoolManagement.swift */; };
		70BD234A1AA1D5B9004B6C43 /* WordStore.swift in Sources */ = {isa = PBXBuildFile; fileRef = 70BD23491AA1D5B9004B6C43 /* WordStore.swift */; };
		70BD234F1AA26C75004B6C43 /* 09-chat-2.png in Resources */ = {isa = PBXBuildFile; fileRef = 70BD234B1AA26C75004B6C43 /* 09-chat-2.png */; };
		70BD23501AA26C75004B6C43 /* 09-chat-2@2x.png in Resources */ = {isa = PBXBuildFile; fileRef = 70BD234C1AA26C75004B6C43 /* 09-chat-2@2x.png */; };
		70BD23511AA26C75004B6C43 /* 15-tags.png in Resources */ = {isa = PBXBuildFile; fileRef = 70BD234D1AA26C75004B6C43 /* 15-tags.png */; };
		70BD23521AA26C75004B6C43 /* 15-tags@2x.png in Resources */ = {isa = PBXBuildFile; fileRef = 70BD234E1AA26C75004B6C43 /* 15-tags@2x.png */; };
		70EA99051B5155C800900EE2 /* BookWordStore.swift in Sources */ = {isa = PBXBuildFile; fileRef = 70EA99041B5155C800900EE2 /* BookWordStore.swift */; };
		70EA99071B51568F00900EE2 /* JapaneseMathBook.swift in Sources */ = {isa = PBXBuildFile; fileRef = 70EA99061B51568F00900EE2 /* JapaneseMathBook.swift */; };
		70FCA3321ABF053C00509B04 /* DOFlatButton.swift in Sources */ = {isa = PBXBuildFile; fileRef = 70FCA3311ABF053C00509B04 /* DOFlatButton.swift */; };
		70FCA3381ABFFA2200509B04 /* WordCollectionTableViewController.swift in Sources */ = {isa = PBXBuildFile; fileRef = 70FCA3371ABFFA2200509B04 /* WordCollectionTableViewController.swift */; };
		70FCA33A1AC0069500509B04 /* SomeWordUITableCell.swift in Sources */ = {isa = PBXBuildFile; fileRef = 70FCA3391AC0069500509B04 /* SomeWordUITableCell.swift */; };
		70FCA33C1AC0086100509B04 /* WordCountTableViewCell.swift in Sources */ = {isa = PBXBuildFile; fileRef = 70FCA33B1AC0086100509B04 /* WordCountTableViewCell.swift */; };
		70FE39561B483BD100A9FC17 /* EnglishBusinessWordStore.swift in Sources */ = {isa = PBXBuildFile; fileRef = 70FE39551B483BD100A9FC17 /* EnglishBusinessWordStore.swift */; };
/* End PBXBuildFile section */

/* Begin PBXContainerItemProxy section */
		70BD23211AA1BB9F004B6C43 /* PBXContainerItemProxy */ = {
			isa = PBXContainerItemProxy;
			containerPortal = 70BD23031AA1BB9F004B6C43 /* Project object */;
			proxyType = 1;
			remoteGlobalIDString = 70BD230A1AA1BB9F004B6C43;
			remoteInfo = Hassouseisei_ver_2_0;
		};
/* End PBXContainerItemProxy section */

/* Begin PBXFileReference section */
		703EDE4C1AA714C000DEF568 /* Hassouseisei_ver_2_0-Bridging-Header.h */ = {isa = PBXFileReference; lastKnownFileType = sourcecode.c.h; path = "Hassouseisei_ver_2_0-Bridging-Header.h"; sourceTree = "<group>"; };
		703EDE501AABFE6600DEF568 /* ShokenWordStore.swift */ = {isa = PBXFileReference; fileEncoding = 4; lastKnownFileType = sourcecode.swift; path = ShokenWordStore.swift; sourceTree = "<group>"; };
		70577C081B439F77008260D7 /* WordPlotViewController.swift */ = {isa = PBXFileReference; fileEncoding = 4; lastKnownFileType = sourcecode.swift; path = WordPlotViewController.swift; sourceTree = "<group>"; };
		70577C0A1B43A604008260D7 /* GoogleSearchViewController.swift */ = {isa = PBXFileReference; fileEncoding = 4; lastKnownFileType = sourcecode.swift; path = GoogleSearchViewController.swift; sourceTree = "<group>"; };
		70577C0C1B43EFF4008260D7 /* EngineeringWordStore.swift */ = {isa = PBXFileReference; fileEncoding = 4; lastKnownFileType = sourcecode.swift; path = EngineeringWordStore.swift; sourceTree = "<group>"; };
		70577C101B4574C6008260D7 /* InfoPlist.strings */ = {isa = PBXFileReference; fileEncoding = 4; lastKnownFileType = text.plist.strings; name = InfoPlist.strings; path = ../InfoPlist.strings; sourceTree = "<group>"; };
		707A90E01AB5F6CD00092C72 /* JijiWord.swift */ = {isa = PBXFileReference; fileEncoding = 4; lastKnownFileType = sourcecode.swift; path = JijiWord.swift; sourceTree = "<group>"; };
		7091BC641B5037F100930842 /* JapaneseComputerBook.swift */ = {isa = PBXFileReference; fileEncoding = 4; lastKnownFileType = sourcecode.swift; path = JapaneseComputerBook.swift; sourceTree = "<group>"; };
		709711FE1B46B8F000D0B6A3 /* Launch Screen.xib */ = {isa = PBXFileReference; fileEncoding = 4; lastKnownFileType = file.xib; path = "Launch Screen.xib"; sourceTree = "<group>"; };
		709712001B46B93400D0B6A3 /* IdeaGeneratorのアイコン.png */ = {isa = PBXFileReference; lastKnownFileType = image.png; path = "IdeaGeneratorのアイコン.png"; sourceTree = "<group>"; };
		70B9029B1AA6D8AD002D14D9 /* WordPlotScrollView.swift */ = {isa = PBXFileReference; fileEncoding = 4; lastKnownFileType = sourcecode.swift; name = WordPlotScrollView.swift; path = ../WordPlotScrollView.swift; sourceTree = "<group>"; };
		70BD230B1AA1BB9F004B6C43 /* Hassouseisei_ver_2_0.app */ = {isa = PBXFileReference; explicitFileType = wrapper.application; includeInIndex = 0; path = Hassouseisei_ver_2_0.app; sourceTree = BUILT_PRODUCTS_DIR; };
		70BD230F1AA1BB9F004B6C43 /* Info.plist */ = {isa = PBXFileReference; lastKnownFileType = text.plist.xml; path = Info.plist; sourceTree = "<group>"; };
		70BD23101AA1BB9F004B6C43 /* AppDelegate.swift */ = {isa = PBXFileReference; lastKnownFileType = sourcecode.swift; path = AppDelegate.swift; sourceTree = "<group>"; };
		70BD23151AA1BB9F004B6C43 /* Base */ = {isa = PBXFileReference; lastKnownFileType = file.storyboard; name = Base; path = Base.lproj/Main.storyboard; sourceTree = "<group>"; };
		70BD23171AA1BB9F004B6C43 /* Images.xcassets */ = {isa = PBXFileReference; lastKnownFileType = folder.assetcatalog; path = Images.xcassets; sourceTree = "<group>"; };
		70BD23201AA1BB9F004B6C43 /* Hassouseisei_ver_2_0Tests.xctest */ = {isa = PBXFileReference; explicitFileType = wrapper.cfbundle; includeInIndex = 0; path = Hassouseisei_ver_2_0Tests.xctest; sourceTree = BUILT_PRODUCTS_DIR; };
		70BD23251AA1BB9F004B6C43 /* Info.plist */ = {isa = PBXFileReference; lastKnownFileType = text.plist.xml; path = Info.plist; sourceTree = "<group>"; };
		70BD23261AA1BB9F004B6C43 /* Hassouseisei_ver_2_0Tests.swift */ = {isa = PBXFileReference; lastKnownFileType = sourcecode.swift; path = Hassouseisei_ver_2_0Tests.swift; sourceTree = "<group>"; };
		70BD23311AA1C9FE004B6C43 /* MedicalWordStore.swift */ = {isa = PBXFileReference; fileEncoding = 4; lastKnownFileType = sourcecode.swift; path = MedicalWordStore.swift; sourceTree = "<group>"; };
		70BD23331AA1CA0A004B6C43 /* ModernSocialWord.swift */ = {isa = PBXFileReference; fileEncoding = 4; lastKnownFileType = sourcecode.swift; path = ModernSocialWord.swift; sourceTree = "<group>"; };
		70BD23351AA1CA14004B6C43 /* ITWordStore.swift */ = {isa = PBXFileReference; fileEncoding = 4; lastKnownFileType = sourcecode.swift; path = ITWordStore.swift; sourceTree = "<group>"; };
		70BD23371AA1CA24004B6C43 /* OpticalWordStore.swift */ = {isa = PBXFileReference; fileEncoding = 4; lastKnownFileType = sourcecode.swift; path = OpticalWordStore.swift; sourceTree = "<group>"; };
		70BD23391AA1CA3A004B6C43 /* BiologicalWordStore.swift */ = {isa = PBXFileReference; fileEncoding = 4; lastKnownFileType = sourcecode.swift; path = BiologicalWordStore.swift; sourceTree = "<group>"; };
		70BD233A1AA1CA3A004B6C43 /* ChemicalWordStore.swift */ = {isa = PBXFileReference; fileEncoding = 4; lastKnownFileType = sourcecode.swift; path = ChemicalWordStore.swift; sourceTree = "<group>"; };
		70BD233B1AA1CA3A004B6C43 /* ElementaryWordStore.swift */ = {isa = PBXFileReference; fileEncoding = 4; lastKnownFileType = sourcecode.swift; path = ElementaryWordStore.swift; sourceTree = "<group>"; };
		70BD233C1AA1CA3A004B6C43 /* EthicalWordStoreJp.swift */ = {isa = PBXFileReference; fileEncoding = 4; lastKnownFileType = sourcecode.swift; path = EthicalWordStoreJp.swift; sourceTree = "<group>"; };
		70BD233D1AA1CA3A004B6C43 /* GameWordStore.swift */ = {isa = PBXFileReference; fileEncoding = 4; lastKnownFileType = sourcecode.swift; path = GameWordStore.swift; sourceTree = "<group>"; };
		70BD233E1AA1CA3A004B6C43 /* PhysicalWordStore.swift */ = {isa = PBXFileReference; fileEncoding = 4; lastKnownFileType = sourcecode.swift; path = PhysicalWordStore.swift; sourceTree = "<group>"; };
		70BD233F1AA1CA3A004B6C43 /* WorldHistoryWord.swift */ = {isa = PBXFileReference; fileEncoding = 4; lastKnownFileType = sourcecode.swift; path = WorldHistoryWord.swift; sourceTree = "<group>"; };
		70BD23471AA1CAAB004B6C43 /* WordPoolManagement.swift */ = {isa = PBXFileReference; fileEncoding = 4; lastKnownFileType = sourcecode.swift; path = WordPoolManagement.swift; sourceTree = "<group>"; };
		70BD23491AA1D5B9004B6C43 /* WordStore.swift */ = {isa = PBXFileReference; fileEncoding = 4; lastKnownFileType = sourcecode.swift; path = WordStore.swift; sourceTree = "<group>"; };
		70BD234B1AA26C75004B6C43 /* 09-chat-2.png */ = {isa = PBXFileReference; lastKnownFileType = image.png; path = "09-chat-2.png"; sourceTree = "<group>"; };
		70BD234C1AA26C75004B6C43 /* 09-chat-2@2x.png */ = {isa = PBXFileReference; lastKnownFileType = image.png; path = "09-chat-2@2x.png"; sourceTree = "<group>"; };
		70BD234D1AA26C75004B6C43 /* 15-tags.png */ = {isa = PBXFileReference; lastKnownFileType = image.png; path = "15-tags.png"; sourceTree = "<group>"; };
		70BD234E1AA26C75004B6C43 /* 15-tags@2x.png */ = {isa = PBXFileReference; lastKnownFileType = image.png; path = "15-tags@2x.png"; sourceTree = "<group>"; };
		70EA99041B5155C800900EE2 /* BookWordStore.swift */ = {isa = PBXFileReference; fileEncoding = 4; lastKnownFileType = sourcecode.swift; path = BookWordStore.swift; sourceTree = "<group>"; };
		70EA99061B51568F00900EE2 /* JapaneseMathBook.swift */ = {isa = PBXFileReference; fileEncoding = 4; lastKnownFileType = sourcecode.swift; path = JapaneseMathBook.swift; sourceTree = "<group>"; };
		70FCA3311ABF053C00509B04 /* DOFlatButton.swift */ = {isa = PBXFileReference; fileEncoding = 4; lastKnownFileType = sourcecode.swift; path = DOFlatButton.swift; sourceTree = "<group>"; };
		70FCA3371ABFFA2200509B04 /* WordCollectionTableViewController.swift */ = {isa = PBXFileReference; fileEncoding = 4; lastKnownFileType = sourcecode.swift; path = WordCollectionTableViewController.swift; sourceTree = "<group>"; };
		70FCA3391AC0069500509B04 /* SomeWordUITableCell.swift */ = {isa = PBXFileReference; fileEncoding = 4; lastKnownFileType = sourcecode.swift; path = SomeWordUITableCell.swift; sourceTree = "<group>"; };
		70FCA33B1AC0086100509B04 /* WordCountTableViewCell.swift */ = {isa = PBXFileReference; fileEncoding = 4; lastKnownFileType = sourcecode.swift; path = WordCountTableViewCell.swift; sourceTree = "<group>"; };
		70FE39551B483BD100A9FC17 /* EnglishBusinessWordStore.swift */ = {isa = PBXFileReference; fileEncoding = 4; lastKnownFileType = sourcecode.swift; name = EnglishBusinessWordStore.swift; path = ../EnglishBusinessWordStore.swift; sourceTree = "<group>"; };
/* End PBXFileReference section */

/* Begin PBXFrameworksBuildPhase section */
		70BD23081AA1BB9F004B6C43 /* Frameworks */ = {
			isa = PBXFrameworksBuildPhase;
			buildActionMask = 2147483647;
			files = (
			);
			runOnlyForDeploymentPostprocessing = 0;
		};
		70BD231D1AA1BB9F004B6C43 /* Frameworks */ = {
			isa = PBXFrameworksBuildPhase;
			buildActionMask = 2147483647;
			files = (
			);
			runOnlyForDeploymentPostprocessing = 0;
		};
/* End PBXFrameworksBuildPhase section */

/* Begin PBXGroup section */
		7091BC631B5037A800930842 /* JapaneseBook */ = {
			isa = PBXGroup;
			children = (
				7091BC641B5037F100930842 /* JapaneseComputerBook.swift */,
				70EA99041B5155C800900EE2 /* BookWordStore.swift */,
				70EA99061B51568F00900EE2 /* JapaneseMathBook.swift */,
			);
			name = JapaneseBook;
			sourceTree = "<group>";
		};
		70BD23021AA1BB9F004B6C43 = {
			isa = PBXGroup;
			children = (
				70BD230D1AA1BB9F004B6C43 /* Hassouseisei_ver_2_0 */,
				70BD23231AA1BB9F004B6C43 /* Hassouseisei_ver_2_0Tests */,
				70BD230C1AA1BB9F004B6C43 /* Products */,
			);
			sourceTree = "<group>";
		};
		70BD230C1AA1BB9F004B6C43 /* Products */ = {
			isa = PBXGroup;
			children = (
				70BD230B1AA1BB9F004B6C43 /* Hassouseisei_ver_2_0.app */,
				70BD23201AA1BB9F004B6C43 /* Hassouseisei_ver_2_0Tests.xctest */,
			);
			name = Products;
			sourceTree = "<group>";
		};
		70BD230D1AA1BB9F004B6C43 /* Hassouseisei_ver_2_0 */ = {
			isa = PBXGroup;
			children = (
				70BD23101AA1BB9F004B6C43 /* AppDelegate.swift */,
				70BD23471AA1CAAB004B6C43 /* WordPoolManagement.swift */,
				70BD23141AA1BB9F004B6C43 /* Main.storyboard */,
				70FCA33B1AC0086100509B04 /* WordCountTableViewCell.swift */,
				70FCA3391AC0069500509B04 /* SomeWordUITableCell.swift */,
				70B9029B1AA6D8AD002D14D9 /* WordPlotScrollView.swift */,
				70577C081B439F77008260D7 /* WordPlotViewController.swift */,
				70FCA3371ABFFA2200509B04 /* WordCollectionTableViewController.swift */,
				70FCA3311ABF053C00509B04 /* DOFlatButton.swift */,
				70577C0A1B43A604008260D7 /* GoogleSearchViewController.swift */,
				70BD23171AA1BB9F004B6C43 /* Images.xcassets */,
				709711FE1B46B8F000D0B6A3 /* Launch Screen.xib */,
				709712001B46B93400D0B6A3 /* IdeaGeneratorのアイコン.png */,
				7091BC631B5037A800930842 /* JapaneseBook */,
				70FE39541B483B3600A9FC17 /* EnglishWord */,
				70BD23301AA1C9E7004B6C43 /* JapaneseWord */,
				70BD234B1AA26C75004B6C43 /* 09-chat-2.png */,
				70BD234C1AA26C75004B6C43 /* 09-chat-2@2x.png */,
				70BD234D1AA26C75004B6C43 /* 15-tags.png */,
				70BD234E1AA26C75004B6C43 /* 15-tags@2x.png */,
				70BD230E1AA1BB9F004B6C43 /* Supporting Files */,
				703EDE4C1AA714C000DEF568 /* Hassouseisei_ver_2_0-Bridging-Header.h */,
			);
			path = Hassouseisei_ver_2_0;
			sourceTree = "<group>";
		};
		70BD230E1AA1BB9F004B6C43 /* Supporting Files */ = {
			isa = PBXGroup;
			children = (
				70BD230F1AA1BB9F004B6C43 /* Info.plist */,
				70577C101B4574C6008260D7 /* InfoPlist.strings */,
			);
			name = "Supporting Files";
			sourceTree = "<group>";
		};
		70BD23231AA1BB9F004B6C43 /* Hassouseisei_ver_2_0Tests */ = {
			isa = PBXGroup;
			children = (
				70BD23261AA1BB9F004B6C43 /* Hassouseisei_ver_2_0Tests.swift */,
				70BD23241AA1BB9F004B6C43 /* Supporting Files */,
			);
			path = Hassouseisei_ver_2_0Tests;
			sourceTree = "<group>";
		};
		70BD23241AA1BB9F004B6C43 /* Supporting Files */ = {
			isa = PBXGroup;
			children = (
				70BD23251AA1BB9F004B6C43 /* Info.plist */,
			);
			name = "Supporting Files";
			sourceTree = "<group>";
		};
		70BD23301AA1C9E7004B6C43 /* JapaneseWord */ = {
			isa = PBXGroup;
			children = (
				70BD23351AA1CA14004B6C43 /* ITWordStore.swift */,
				70BD23311AA1C9FE004B6C43 /* MedicalWordStore.swift */,
				70BD23371AA1CA24004B6C43 /* OpticalWordStore.swift */,
				70BD23331AA1CA0A004B6C43 /* ModernSocialWord.swift */,
				70BD23391AA1CA3A004B6C43 /* BiologicalWordStore.swift */,
				70BD233A1AA1CA3A004B6C43 /* ChemicalWordStore.swift */,
				70BD233B1AA1CA3A004B6C43 /* ElementaryWordStore.swift */,
				70BD233C1AA1CA3A004B6C43 /* EthicalWordStoreJp.swift */,
				70BD233D1AA1CA3A004B6C43 /* GameWordStore.swift */,
				70BD233E1AA1CA3A004B6C43 /* PhysicalWordStore.swift */,
				70BD233F1AA1CA3A004B6C43 /* WorldHistoryWord.swift */,
				70BD23491AA1D5B9004B6C43 /* WordStore.swift */,
				703EDE501AABFE6600DEF568 /* ShokenWordStore.swift */,
				707A90E01AB5F6CD00092C72 /* JijiWord.swift */,
				70577C0C1B43EFF4008260D7 /* EngineeringWordStore.swift */,
			);
			name = JapaneseWord;
			sourceTree = "<group>";
		};
		70FE39541B483B3600A9FC17 /* EnglishWord */ = {
			isa = PBXGroup;
			children = (
				70FE39551B483BD100A9FC17 /* EnglishBusinessWordStore.swift */,
			);
			name = EnglishWord;
			sourceTree = "<group>";
		};
/* End PBXGroup section */

/* Begin PBXNativeTarget section */
		70BD230A1AA1BB9F004B6C43 /* Hassouseisei_ver_2_0 */ = {
			isa = PBXNativeTarget;
			buildConfigurationList = 70BD232A1AA1BB9F004B6C43 /* Build configuration list for PBXNativeTarget "Hassouseisei_ver_2_0" */;
			buildPhases = (
				70BD23071AA1BB9F004B6C43 /* Sources */,
				70BD23081AA1BB9F004B6C43 /* Frameworks */,
				70BD23091AA1BB9F004B6C43 /* Resources */,
			);
			buildRules = (
			);
			dependencies = (
			);
			name = Hassouseisei_ver_2_0;
			productName = Hassouseisei_ver_2_0;
			productReference = 70BD230B1AA1BB9F004B6C43 /* Hassouseisei_ver_2_0.app */;
			productType = "com.apple.product-type.application";
		};
		70BD231F1AA1BB9F004B6C43 /* Hassouseisei_ver_2_0Tests */ = {
			isa = PBXNativeTarget;
			buildConfigurationList = 70BD232D1AA1BB9F004B6C43 /* Build configuration list for PBXNativeTarget "Hassouseisei_ver_2_0Tests" */;
			buildPhases = (
				70BD231C1AA1BB9F004B6C43 /* Sources */,
				70BD231D1AA1BB9F004B6C43 /* Frameworks */,
				70BD231E1AA1BB9F004B6C43 /* Resources */,
			);
			buildRules = (
			);
			dependencies = (
				70BD23221AA1BB9F004B6C43 /* PBXTargetDependency */,
			);
			name = Hassouseisei_ver_2_0Tests;
			productName = Hassouseisei_ver_2_0Tests;
			productReference = 70BD23201AA1BB9F004B6C43 /* Hassouseisei_ver_2_0Tests.xctest */;
			productType = "com.apple.product-type.bundle.unit-test";
		};
/* End PBXNativeTarget section */

/* Begin PBXProject section */
		70BD23031AA1BB9F004B6C43 /* Project object */ = {
			isa = PBXProject;
			attributes = {
				LastUpgradeCheck = 0610;
				ORGANIZATIONNAME = "岡大輔";
				TargetAttributes = {
					70BD230A1AA1BB9F004B6C43 = {
						CreatedOnToolsVersion = 6.1.1;
						DevelopmentTeam = X4JADE2386;
					};
					70BD231F1AA1BB9F004B6C43 = {
						CreatedOnToolsVersion = 6.1.1;
						TestTargetID = 70BD230A1AA1BB9F004B6C43;
					};
				};
			};
			buildConfigurationList = 70BD23061AA1BB9F004B6C43 /* Build configuration list for PBXProject "Hassouseisei_ver_2_0" */;
			compatibilityVersion = "Xcode 3.2";
			developmentRegion = English;
			hasScannedForEncodings = 0;
			knownRegions = (
				en,
				Base,
			);
			mainGroup = 70BD23021AA1BB9F004B6C43;
			productRefGroup = 70BD230C1AA1BB9F004B6C43 /* Products */;
			projectDirPath = "";
			projectRoot = "";
			targets = (
				70BD230A1AA1BB9F004B6C43 /* Hassouseisei_ver_2_0 */,
				70BD231F1AA1BB9F004B6C43 /* Hassouseisei_ver_2_0Tests */,
			);
		};
/* End PBXProject section */

/* Begin PBXResourcesBuildPhase section */
		70BD23091AA1BB9F004B6C43 /* Resources */ = {
			isa = PBXResourcesBuildPhase;
			buildActionMask = 2147483647;
			files = (
				70BD23511AA26C75004B6C43 /* 15-tags.png in Resources */,
				70577C131B457607008260D7 /* InfoPlist.strings in Resources */,
				709712011B46B93400D0B6A3 /* IdeaGeneratorのアイコン.png in Resources */,
				70BD23161AA1BB9F004B6C43 /* Main.storyboard in Resources */,
				70BD23501AA26C75004B6C43 /* 09-chat-2@2x.png in Resources */,
				70BD234F1AA26C75004B6C43 /* 09-chat-2.png in Resources */,
				709711FF1B46B8F000D0B6A3 /* Launch Screen.xib in Resources */,
				70BD23521AA26C75004B6C43 /* 15-tags@2x.png in Resources */,
				70BD23181AA1BB9F004B6C43 /* Images.xcassets in Resources */,
			);
			runOnlyForDeploymentPostprocessing = 0;
		};
		70BD231E1AA1BB9F004B6C43 /* Resources */ = {
			isa = PBXResourcesBuildPhase;
			buildActionMask = 2147483647;
			files = (
				70577C111B4574C6008260D7 /* InfoPlist.strings in Resources */,
			);
			runOnlyForDeploymentPostprocessing = 0;
		};
/* End PBXResourcesBuildPhase section */

/* Begin PBXSourcesBuildPhase section */
		70BD23071AA1BB9F004B6C43 /* Sources */ = {
			isa = PBXSourcesBuildPhase;
			buildActionMask = 2147483647;
			files = (
				70FCA3381ABFFA2200509B04 /* WordCollectionTableViewController.swift in Sources */,
				70577C0D1B43EFF4008260D7 /* EngineeringWordStore.swift in Sources */,
				70BD23361AA1CA14004B6C43 /* ITWordStore.swift in Sources */,
				70577C0B1B43A604008260D7 /* GoogleSearchViewController.swift in Sources */,
				70BD23411AA1CA3A004B6C43 /* ChemicalWordStore.swift in Sources */,
				70BD23431AA1CA3A004B6C43 /* EthicalWordStoreJp.swift in Sources */,
				70FCA3321ABF053C00509B04 /* DOFlatButton.swift in Sources */,
				70BD23321AA1C9FE004B6C43 /* MedicalWordStore.swift in Sources */,
				7091BC651B5037F100930842 /* JapaneseComputerBook.swift in Sources */,
				70BD23341AA1CA0A004B6C43 /* ModernSocialWord.swift in Sources */,
				70BD23461AA1CA3A004B6C43 /* WorldHistoryWord.swift in Sources */,
				70BD23421AA1CA3A004B6C43 /* ElementaryWordStore.swift in Sources */,
				70BD23441AA1CA3A004B6C43 /* GameWordStore.swift in Sources */,
				70FCA33A1AC0069500509B04 /* SomeWordUITableCell.swift in Sources */,
				70FCA33C1AC0086100509B04 /* WordCountTableViewCell.swift in Sources */,
				70BD23451AA1CA3A004B6C43 /* PhysicalWordStore.swift in Sources */,
				70BD23401AA1CA3A004B6C43 /* BiologicalWordStore.swift in Sources */,
				70FE39561B483BD100A9FC17 /* EnglishBusinessWordStore.swift in Sources */,
				70EA99071B51568F00900EE2 /* JapaneseMathBook.swift in Sources */,
				70B9029C1AA6D8AD002D14D9 /* WordPlotScrollView.swift in Sources */,
				70BD23381AA1CA24004B6C43 /* OpticalWordStore.swift in Sources */,
				70BD234A1AA1D5B9004B6C43 /* WordStore.swift in Sources */,
				703EDE511AABFE6600DEF568 /* ShokenWordStore.swift in Sources */,
				70BD23481AA1CAAB004B6C43 /* WordPoolManagement.swift in Sources */,
				70577C091B439F77008260D7 /* WordPlotViewController.swift in Sources */,
				707A90E11AB5F6CD00092C72 /* JijiWord.swift in Sources */,
				70EA99051B5155C800900EE2 /* BookWordStore.swift in Sources */,
				70BD23111AA1BB9F004B6C43 /* AppDelegate.swift in Sources */,
			);
			runOnlyForDeploymentPostprocessing = 0;
		};
		70BD231C1AA1BB9F004B6C43 /* Sources */ = {
			isa = PBXSourcesBuildPhase;
			buildActionMask = 2147483647;
			files = (
				70BD23271AA1BB9F004B6C43 /* Hassouseisei_ver_2_0Tests.swift in Sources */,
			);
			runOnlyForDeploymentPostprocessing = 0;
		};
/* End PBXSourcesBuildPhase section */

/* Begin PBXTargetDependency section */
		70BD23221AA1BB9F004B6C43 /* PBXTargetDependency */ = {
			isa = PBXTargetDependency;
			target = 70BD230A1AA1BB9F004B6C43 /* Hassouseisei_ver_2_0 */;
			targetProxy = 70BD23211AA1BB9F004B6C43 /* PBXContainerItemProxy */;
		};
/* End PBXTargetDependency section */

/* Begin PBXVariantGroup section */
		70BD23141AA1BB9F004B6C43 /* Main.storyboard */ = {
			isa = PBXVariantGroup;
			children = (
				70BD23151AA1BB9F004B6C43 /* Base */,
			);
			name = Main.storyboard;
			sourceTree = "<group>";
		};
/* End PBXVariantGroup section */

/* Begin XCBuildConfiguration section */
		70BD23281AA1BB9F004B6C43 /* Debug */ = {
			isa = XCBuildConfiguration;
			buildSettings = {
				ALWAYS_SEARCH_USER_PATHS = NO;
				CLANG_CXX_LANGUAGE_STANDARD = "gnu++0x";
				CLANG_CXX_LIBRARY = "libc++";
				CLANG_ENABLE_MODULES = YES;
				CLANG_ENABLE_OBJC_ARC = YES;
				CLANG_WARN_BOOL_CONVERSION = YES;
				CLANG_WARN_CONSTANT_CONVERSION = YES;
				CLANG_WARN_DIRECT_OBJC_ISA_USAGE = YES_ERROR;
				CLANG_WARN_EMPTY_BODY = YES;
				CLANG_WARN_ENUM_CONVERSION = YES;
				CLANG_WARN_INT_CONVERSION = YES;
				CLANG_WARN_OBJC_ROOT_CLASS = YES_ERROR;
				CLANG_WARN_UNREACHABLE_CODE = YES;
				CLANG_WARN__DUPLICATE_METHOD_MATCH = YES;
				"CODE_SIGN_IDENTITY[sdk=iphoneos*]" = "iPhone Developer";
				COPY_PHASE_STRIP = NO;
				ENABLE_STRICT_OBJC_MSGSEND = YES;
				GCC_C_LANGUAGE_STANDARD = gnu99;
				GCC_DYNAMIC_NO_PIC = NO;
				GCC_OPTIMIZATION_LEVEL = 0;
				GCC_PREPROCESSOR_DEFINITIONS = (
					"DEBUG=1",
					"$(inherited)",
				);
				GCC_SYMBOLS_PRIVATE_EXTERN = NO;
				GCC_WARN_64_TO_32_BIT_CONVERSION = YES;
				GCC_WARN_ABOUT_RETURN_TYPE = YES_ERROR;
				GCC_WARN_UNDECLARED_SELECTOR = YES;
				GCC_WARN_UNINITIALIZED_AUTOS = YES_AGGRESSIVE;
				GCC_WARN_UNUSED_FUNCTION = YES;
				GCC_WARN_UNUSED_VARIABLE = YES;
				IPHONEOS_DEPLOYMENT_TARGET = 8.1;
				MTL_ENABLE_DEBUG_INFO = YES;
				ONLY_ACTIVE_ARCH = YES;
				SDKROOT = iphoneos;
				SWIFT_OPTIMIZATION_LEVEL = "-Onone";
				TARGETED_DEVICE_FAMILY = 1;
			};
			name = Debug;
		};
		70BD23291AA1BB9F004B6C43 /* Release */ = {
			isa = XCBuildConfiguration;
			buildSettings = {
				ALWAYS_SEARCH_USER_PATHS = NO;
				CLANG_CXX_LANGUAGE_STANDARD = "gnu++0x";
				CLANG_CXX_LIBRARY = "libc++";
				CLANG_ENABLE_MODULES = YES;
				CLANG_ENABLE_OBJC_ARC = YES;
				CLANG_WARN_BOOL_CONVERSION = YES;
				CLANG_WARN_CONSTANT_CONVERSION = YES;
				CLANG_WARN_DIRECT_OBJC_ISA_USAGE = YES_ERROR;
				CLANG_WARN_EMPTY_BODY = YES;
				CLANG_WARN_ENUM_CONVERSION = YES;
				CLANG_WARN_INT_CONVERSION = YES;
				CLANG_WARN_OBJC_ROOT_CLASS = YES_ERROR;
				CLANG_WARN_UNREACHABLE_CODE = YES;
				CLANG_WARN__DUPLICATE_METHOD_MATCH = YES;
				CODE_SIGN_IDENTITY = "iPhone Distribution";
				"CODE_SIGN_IDENTITY[sdk=iphoneos*]" = "iPhone Developer";
				COPY_PHASE_STRIP = YES;
				ENABLE_NS_ASSERTIONS = NO;
				ENABLE_STRICT_OBJC_MSGSEND = YES;
				GCC_C_LANGUAGE_STANDARD = gnu99;
				GCC_WARN_64_TO_32_BIT_CONVERSION = YES;
				GCC_WARN_ABOUT_RETURN_TYPE = YES_ERROR;
				GCC_WARN_UNDECLARED_SELECTOR = YES;
				GCC_WARN_UNINITIALIZED_AUTOS = YES_AGGRESSIVE;
				GCC_WARN_UNUSED_FUNCTION = YES;
				GCC_WARN_UNUSED_VARIABLE = YES;
				IPHONEOS_DEPLOYMENT_TARGET = 8.1;
				MTL_ENABLE_DEBUG_INFO = NO;
				SDKROOT = iphoneos;
				TARGETED_DEVICE_FAMILY = 1;
				VALIDATE_PRODUCT = YES;
			};
			name = Release;
		};
		70BD232B1AA1BB9F004B6C43 /* Debug */ = {
			isa = XCBuildConfiguration;
			buildSettings = {
				ASSETCATALOG_COMPILER_APPICON_NAME = AppIcon;
				ASSETCATALOG_COMPILER_LAUNCHIMAGE_NAME = LaunchImage;
				CLANG_ENABLE_MODULES = YES;
				CODE_SIGN_IDENTITY = "iPhone Developer";
				"CODE_SIGN_IDENTITY[sdk=iphoneos*]" = "iPhone Developer";
				INFOPLIST_FILE = Hassouseisei_ver_2_0/Info.plist;
				LD_RUNPATH_SEARCH_PATHS = "$(inherited) @executable_path/Frameworks";
				PRODUCT_NAME = "$(TARGET_NAME)";
				PROVISIONING_PROFILE = "";
				SWIFT_OBJC_BRIDGING_HEADER = "Hassouseisei_ver_2_0/Hassouseisei_ver_2_0-Bridging-Header.h";
				SWIFT_OPTIMIZATION_LEVEL = "-Onone";
				TARGETED_DEVICE_FAMILY = "1,2";
			};
			name = Debug;
		};
		70BD232C1AA1BB9F004B6C43 /* Release */ = {
			isa = XCBuildConfiguration;
			buildSettings = {
				ASSETCATALOG_COMPILER_APPICON_NAME = AppIcon;
				ASSETCATALOG_COMPILER_LAUNCHIMAGE_NAME = LaunchImage;
				CLANG_ENABLE_MODULES = YES;
				CODE_SIGN_IDENTITY = "iPhone Developer";
				"CODE_SIGN_IDENTITY[sdk=iphoneos*]" = "iPhone Developer";
				INFOPLIST_FILE = Hassouseisei_ver_2_0/Info.plist;
				LD_RUNPATH_SEARCH_PATHS = "$(inherited) @executable_path/Frameworks";
				PRODUCT_NAME = "$(TARGET_NAME)";
				PROVISIONING_PROFILE = "";
				SWIFT_OBJC_BRIDGING_HEADER = "Hassouseisei_ver_2_0/Hassouseisei_ver_2_0-Bridging-Header.h";
				TARGETED_DEVICE_FAMILY = "1,2";
			};
			name = Release;
		};
		70BD232E1AA1BB9F004B6C43 /* Debug */ = {
			isa = XCBuildConfiguration;
			buildSettings = {
				BUNDLE_LOADER = "$(TEST_HOST)";
				FRAMEWORK_SEARCH_PATHS = (
					"$(SDKROOT)/Developer/Library/Frameworks",
					"$(inherited)",
				);
				GCC_PREPROCESSOR_DEFINITIONS = (
					"DEBUG=1",
					"$(inherited)",
				);
				INFOPLIST_FILE = Hassouseisei_ver_2_0Tests/Info.plist;
				LD_RUNPATH_SEARCH_PATHS = "$(inherited) @executable_path/Frameworks @loader_path/Frameworks";
				PRODUCT_NAME = "$(TARGET_NAME)";
				TEST_HOST = "$(BUILT_PRODUCTS_DIR)/Hassouseisei_ver_2_0.app/Hassouseisei_ver_2_0";
			};
			name = Debug;
		};
		70BD232F1AA1BB9F004B6C43 /* Release */ = {
			isa = XCBuildConfiguration;
			buildSettings = {
				BUNDLE_LOADER = "$(TEST_HOST)";
				FRAMEWORK_SEARCH_PATHS = (
					"$(SDKROOT)/Developer/Library/Frameworks",
					"$(inherited)",
				);
				INFOPLIST_FILE = Hassouseisei_ver_2_0Tests/Info.plist;
				LD_RUNPATH_SEARCH_PATHS = "$(inherited) @executable_path/Frameworks @loader_path/Frameworks";
				PRODUCT_NAME = "$(TARGET_NAME)";
				TEST_HOST = "$(BUILT_PRODUCTS_DIR)/Hassouseisei_ver_2_0.app/Hassouseisei_ver_2_0";
			};
			name = Release;
		};
/* End XCBuildConfiguration section */

/* Begin XCConfigurationList section */
		70BD23061AA1BB9F004B6C43 /* Build configuration list for PBXProject "Hassouseisei_ver_2_0" */ = {
			isa = XCConfigurationList;
			buildConfigurations = (
				70BD23281AA1BB9F004B6C43 /* Debug */,
				70BD23291AA1BB9F004B6C43 /* Release */,
			);
			defaultConfigurationIsVisible = 0;
			defaultConfigurationName = Release;
		};
		70BD232A1AA1BB9F004B6C43 /* Build configuration list for PBXNativeTarget "Hassouseisei_ver_2_0" */ = {
			isa = XCConfigurationList;
			buildConfigurations = (
				70BD232B1AA1BB9F004B6C43 /* Debug */,
				70BD232C1AA1BB9F004B6C43 /* Release */,
			);
			defaultConfigurationIsVisible = 0;
			defaultConfigurationName = Release;
		};
		70BD232D1AA1BB9F004B6C43 /* Build configuration list for PBXNativeTarget "Hassouseisei_ver_2_0Tests" */ = {
			isa = XCConfigurationList;
			buildConfigurations = (
				70BD232E1AA1BB9F004B6C43 /* Debug */,
				70BD232F1AA1BB9F004B6C43 /* Release */,
			);
			defaultConfigurationIsVisible = 0;
			defaultConfigurationName = Release;
		};
/* End XCConfigurationList section */
	};
	rootObject = 70BD23031AA1BB9F004B6C43 /* Project object */;
}
